
Microsoft Visual Studio Solution File, Format Version 12.00
# Visual Studio 15
VisualStudioVersion = 15.0.28010.2050
MinimumVisualStudioVersion = 10.0.40219.1
Project("{FAE04EC0-301F-11D3-BF4B-00C04F79EFBC}") = "CSharp7.ThrowExpressions", "CSharp7.ThrowExpressions\CSharp7.ThrowExpressions.csproj", "{ECE9C4FF-22C8-4532-8F11-2F6C3C86375B}"
EndProject
Global
	GlobalSection(SolutionConfigurationPlatforms) = preSolution
		Debug|Any CPU = Debug|Any CPU
		Release|Any CPU = Release|Any CPU
	EndGlobalSection
	GlobalSection(ProjectConfigurationPlatforms) = postSolution
		{ECE9C4FF-22C8-4532-8F11-2F6C3C86375B}.Debug|Any CPU.ActiveCfg = Debug|Any CPU
		{ECE9C4FF-22C8-4532-8F11-2F6C3C86375B}.Debug|Any CPU.Build.0 = Debug|Any CPU
		{ECE9C4FF-22C8-4532-8F11-2F6C3C86375B}.Release|Any CPU.ActiveCfg = Release|Any CPU
		{ECE9C4FF-22C8-4532-8F11-2F6C3C86375B}.Release|Any CPU.Build.0 = Release|Any CPU
	EndGlobalSection
	GlobalSection(SolutionProperties) = preSolution
		HideSolutionNode = FALSE
	EndGlobalSection
	GlobalSection(ExtensibilityGlobals) = postSolution
		SolutionGuid = {613A9CD0-E553-4B86-8F7B-EDBD27242827}
	EndGlobalSection
EndGlobal
