
Microsoft Visual Studio Solution File, Format Version 12.00
# Visual Studio 15
VisualStudioVersion = 15.0.28010.2016
MinimumVisualStudioVersion = 10.0.40219.1
Project("{FAE04EC0-301F-11D3-BF4B-00C04F79EFBC}") = "CSharp7.LocalFunctions", "CSharp7.LocalFunctions\CSharp7.LocalFunctions.csproj", "{576983B7-1673-40A7-A7EF-4A293665DC76}"
EndProject
Global
	GlobalSection(SolutionConfigurationPlatforms) = preSolution
		Debug|Any CPU = Debug|Any CPU
		Release|Any CPU = Release|Any CPU
	EndGlobalSection
	GlobalSection(ProjectConfigurationPlatforms) = postSolution
		{576983B7-1673-40A7-A7EF-4A293665DC76}.Debug|Any CPU.ActiveCfg = Debug|Any CPU
		{576983B7-1673-40A7-A7EF-4A293665DC76}.Debug|Any CPU.Build.0 = Debug|Any CPU
		{576983B7-1673-40A7-A7EF-4A293665DC76}.Release|Any CPU.ActiveCfg = Release|Any CPU
		{576983B7-1673-40A7-A7EF-4A293665DC76}.Release|Any CPU.Build.0 = Release|Any CPU
	EndGlobalSection
	GlobalSection(SolutionProperties) = preSolution
		HideSolutionNode = FALSE
	EndGlobalSection
	GlobalSection(ExtensibilityGlobals) = postSolution
		SolutionGuid = {380B1E93-0CB2-424A-80D5-8992BF21085E}
	EndGlobalSection
EndGlobal
