
Microsoft Visual Studio Solution File, Format Version 12.00
# Visual Studio Version 16
VisualStudioVersion = 16.0.29806.167
MinimumVisualStudioVersion = 10.0.40219.1
Project("{FAE04EC0-301F-11D3-BF4B-00C04F79EFBC}") = "CSharp80.StaticLocalFunctions", "CSharp80.StaticLocalFunctions.csproj", "{9EC8F605-5A17-4396-B350-581A786F4A7C}"
EndProject
Global
	GlobalSection(SolutionConfigurationPlatforms) = preSolution
		Debug|Any CPU = Debug|Any CPU
		Release|Any CPU = Release|Any CPU
	EndGlobalSection
	GlobalSection(ProjectConfigurationPlatforms) = postSolution
		{9EC8F605-5A17-4396-B350-581A786F4A7C}.Debug|Any CPU.ActiveCfg = Debug|Any CPU
		{9EC8F605-5A17-4396-B350-581A786F4A7C}.Debug|Any CPU.Build.0 = Debug|Any CPU
		{9EC8F605-5A17-4396-B350-581A786F4A7C}.Release|Any CPU.ActiveCfg = Release|Any CPU
		{9EC8F605-5A17-4396-B350-581A786F4A7C}.Release|Any CPU.Build.0 = Release|Any CPU
	EndGlobalSection
	GlobalSection(SolutionProperties) = preSolution
		HideSolutionNode = FALSE
	EndGlobalSection
	GlobalSection(ExtensibilityGlobals) = postSolution
		SolutionGuid = {C8560F1B-7361-4ADD-B654-11C85CE917AE}
	EndGlobalSection
EndGlobal
