
Microsoft Visual Studio Solution File, Format Version 12.00
# Visual Studio 15
VisualStudioVersion = 15.0.27703.2042
MinimumVisualStudioVersion = 10.0.40219.1
Project("{FAE04EC0-301F-11D3-BF4B-00C04F79EFBC}") = "CSharp7.Patterns", "CSharp7.Patterns\CSharp7.Patterns.csproj", "{18884369-5A33-4A13-A5B3-B043E59D1A0F}"
EndProject
Global
	GlobalSection(SolutionConfigurationPlatforms) = preSolution
		Debug|Any CPU = Debug|Any CPU
		Release|Any CPU = Release|Any CPU
	EndGlobalSection
	GlobalSection(ProjectConfigurationPlatforms) = postSolution
		{18884369-5A33-4A13-A5B3-B043E59D1A0F}.Debug|Any CPU.ActiveCfg = Debug|Any CPU
		{18884369-5A33-4A13-A5B3-B043E59D1A0F}.Debug|Any CPU.Build.0 = Debug|Any CPU
		{18884369-5A33-4A13-A5B3-B043E59D1A0F}.Release|Any CPU.ActiveCfg = Release|Any CPU
		{18884369-5A33-4A13-A5B3-B043E59D1A0F}.Release|Any CPU.Build.0 = Release|Any CPU
	EndGlobalSection
	GlobalSection(SolutionProperties) = preSolution
		HideSolutionNode = FALSE
	EndGlobalSection
	GlobalSection(ExtensibilityGlobals) = postSolution
		SolutionGuid = {89C76499-444D-4F2D-AD38-56ECBBD8C1B9}
	EndGlobalSection
EndGlobal
